// !$*UTF8*$!
{
	archiveVersion = 1;
	classes = {
	};
	objectVersion = 50;
	objects = {

/* Begin PBXBuildFile section */
		6B1533E126A985E3004FC2CD /* mCastBrowser.swift in Sources */ = {isa = PBXBuildFile; fileRef = 6B1533E026A985E3004FC2CD /* mCastBrowser.swift */; };
		6B723DDD26A8735E00E60FBE /* mDNS_BrowserApp.swift in Sources */ = {isa = PBXBuildFile; fileRef = 6B723DDC26A8735E00E60FBE /* mDNS_BrowserApp.swift */; };
		6B723DDF26A8735E00E60FBE /* ContentView.swift in Sources */ = {isa = PBXBuildFile; fileRef = 6B723DDE26A8735E00E60FBE /* ContentView.swift */; };
		6B723DE126A8737400E60FBE /* Assets.xcassets in Resources */ = {isa = PBXBuildFile; fileRef = 6B723DE026A8737400E60FBE /* Assets.xcassets */; };
		6B723DE426A8737500E60FBE /* Preview Assets.xcassets in Resources */ = {isa = PBXBuildFile; fileRef = 6B723DE326A8737500E60FBE /* Preview Assets.xcassets */; };
/* End PBXBuildFile section */

/* Begin PBXFileReference section */
		6B1533E026A985E3004FC2CD /* mCastBrowser.swift */ = {isa = PBXFileReference; lastKnownFileType = sourcecode.swift; path = mCastBrowser.swift; sourceTree = "<group>"; };
		6B723DD926A8735E00E60FBE /* mDNS_Browser.app */ = {isa = PBXFileReference; explicitFileType = wrapper.application; includeInIndex = 0; path = mDNS_Browser.app; sourceTree = BUILT_PRODUCTS_DIR; };
		6B723DDC26A8735E00E60FBE /* mDNS_BrowserApp.swift */ = {isa = PBXFileReference; lastKnownFileType = sourcecode.swift; path = mDNS_BrowserApp.swift; sourceTree = "<group>"; };
		6B723DDE26A8735E00E60FBE /* ContentView.swift */ = {isa = PBXFileReference; lastKnownFileType = sourcecode.swift; path = ContentView.swift; sourceTree = "<group>"; };
		6B723DE026A8737400E60FBE /* Assets.xcassets */ = {isa = PBXFileReference; lastKnownFileType = folder.assetcatalog; path = Assets.xcassets; sourceTree = "<group>"; };
		6B723DE326A8737500E60FBE /* Preview Assets.xcassets */ = {isa = PBXFileReference; lastKnownFileType = folder.assetcatalog; path = "Preview Assets.xcassets"; sourceTree = "<group>"; };
		6B723DE526A8737500E60FBE /* Info.plist */ = {isa = PBXFileReference; lastKnownFileType = text.plist.xml; path = Info.plist; sourceTree = "<group>"; };
/* End PBXFileReference section */

/* Begin PBXFrameworksBuildPhase section */
		6B723DD626A8735E00E60FBE /* Frameworks */ = {
			isa = PBXFrameworksBuildPhase;
			buildActionMask = 2147483647;
			files = (
			);
			runOnlyForDeploymentPostprocessing = 0;
		};
/* End PBXFrameworksBuildPhase section */

/* Begin PBXGroup section */
		6B723DD026A8735E00E60FBE = {
			isa = PBXGroup;
			children = (
				6B723DDB26A8735E00E60FBE /* mDNS_Browser */,
				6B723DDA26A8735E00E60FBE /* Products */,
			);
			sourceTree = "<group>";
		};
		6B723DDA26A8735E00E60FBE /* Products */ = {
			isa = PBXGroup;
			children = (
				6B723DD926A8735E00E60FBE /* mDNS_Browser.app */,
			);
			name = Products;
			sourceTree = "<group>";
		};
		6B723DDB26A8735E00E60FBE /* mDNS_Browser */ = {
			isa = PBXGroup;
			children = (
				6B723DDC26A8735E00E60FBE /* mDNS_BrowserApp.swift */,
				6B1533E026A985E3004FC2CD /* mCastBrowser.swift */,
				6B723DDE26A8735E00E60FBE /* ContentView.swift */,
				6B723DE026A8737400E60FBE /* Assets.xcassets */,
				6B723DE526A8737500E60FBE /* Info.plist */,
				6B723DE226A8737500E60FBE /* Preview Content */,
			);
			path = mDNS_Browser;
			sourceTree = "<group>";
		};
		6B723DE226A8737500E60FBE /* Preview Content */ = {
			isa = PBXGroup;
			children = (
				6B723DE326A8737500E60FBE /* Preview Assets.xcassets */,
			);
			path = "Preview Content";
			sourceTree = "<group>";
		};
/* End PBXGroup section */

/* Begin PBXNativeTarget section */
		6B723DD826A8735E00E60FBE /* mDNS_Browser */ = {
			isa = PBXNativeTarget;
			buildConfigurationList = 6B723DE826A8737500E60FBE /* Build configuration list for PBXNativeTarget "mDNS_Browser" */;
			buildPhases = (
				6B723DD526A8735E00E60FBE /* Sources */,
				6B723DD626A8735E00E60FBE /* Frameworks */,
				6B723DD726A8735E00E60FBE /* Resources */,
			);
			buildRules = (
			);
			dependencies = (
			);
			name = mDNS_Browser;
			productName = mDNS_Browser;
			productReference = 6B723DD926A8735E00E60FBE /* mDNS_Browser.app */;
			productType = "com.apple.product-type.application";
		};
/* End PBXNativeTarget section */

/* Begin PBXProject section */
		6B723DD126A8735E00E60FBE /* Project object */ = {
			isa = PBXProject;
			attributes = {
				LastSwiftUpdateCheck = 1250;
				LastUpgradeCheck = 1250;
				TargetAttributes = {
					6B723DD826A8735E00E60FBE = {
						CreatedOnToolsVersion = 12.5.1;
					};
				};
			};
			buildConfigurationList = 6B723DD426A8735E00E60FBE /* Build configuration list for PBXProject "mDNS_Browser" */;
			compatibilityVersion = "Xcode 9.3";
			developmentRegion = en;
			hasScannedForEncodings = 0;
			knownRegions = (
				en,
				Base,
			);
			mainGroup = 6B723DD026A8735E00E60FBE;
			productRefGroup = 6B723DDA26A8735E00E60FBE /* Products */;
			projectDirPath = "";
			projectRoot = "";
			targets = (
				6B723DD826A8735E00E60FBE /* mDNS_Browser */,
			);
		};
/* End PBXProject section */

/* Begin PBXResourcesBuildPhase section */
		6B723DD726A8735E00E60FBE /* Resources */ = {
			isa = PBXResourcesBuildPhase;
			buildActionMask = 2147483647;
			files = (
				6B723DE426A8737500E60FBE /* Preview Assets.xcassets in Resources */,
				6B723DE126A8737400E60FBE /* Assets.xcassets in Resources */,
			);
			runOnlyForDeploymentPostprocessing = 0;
		};
/* End PBXResourcesBuildPhase section */

/* Begin PBXSourcesBuildPhase section */
		6B723DD526A8735E00E60FBE /* Sources */ = {
			isa = PBXSourcesBuildPhase;
			buildActionMask = 2147483647;
			files = (
				6B723DDF26A8735E00E60FBE /* ContentView.swift in Sources */,
				6B723DDD26A8735E00E60FBE /* mDNS_BrowserApp.swift in Sources */,
				6B1533E126A985E3004FC2CD /* mCastBrowser.swift in Sources */,
			);
			runOnlyForDeploymentPostprocessing = 0;
		};
/* End PBXSourcesBuildPhase section */

/* Begin XCBuildConfiguration section */
		6B723DE626A8737500E60FBE /* Debug */ = {
			isa = XCBuildConfiguration;
			buildSettings = {
				ALWAYS_SEARCH_USER_PATHS = NO;
				CLANG_ANALYZER_NONNULL = YES;
				CLANG_ANALYZER_NUMBER_OBJECT_CONVERSION = YES_AGGRESSIVE;
				CLANG_CXX_LANGUAGE_STANDARD = "gnu++14";
				CLANG_CXX_LIBRARY = "libc++";
				CLANG_ENABLE_MODULES = YES;
				CLANG_ENABLE_OBJC_ARC = YES;
				CLANG_ENABLE_OBJC_WEAK = YES;
				CLANG_WARN_BLOCK_CAPTURE_AUTORELEASING = YES;
				CLANG_WARN_BOOL_CONVERSION = YES;
				CLANG_WARN_COMMA = YES;
				CLANG_WARN_CONSTANT_CONVERSION = YES;
				CLANG_WARN_DEPRECATED_OBJC_IMPLEMENTATIONS = YES;
				CLANG_WARN_DIRECT_OBJC_ISA_USAGE = YES_ERROR;
				CLANG_WARN_DOCUMENTATION_COMMENTS = YES;
				CLANG_WARN_EMPTY_BODY = YES;
				CLANG_WARN_ENUM_CONVERSION = YES;
				CLANG_WARN_INFINITE_RECURSION = YES;
				CLANG_WARN_INT_CONVERSION = YES;
				CLANG_WARN_NON_LITERAL_NULL_CONVERSION = YES;
				CLANG_WARN_OBJC_IMPLICIT_RETAIN_SELF = YES;
				CLANG_WARN_OBJC_LITERAL_CONVERSION = YES;
				CLANG_WARN_OBJC_ROOT_CLASS = YES_ERROR;
				CLANG_WARN_QUOTED_INCLUDE_IN_FRAMEWORK_HEADER = YES;
				CLANG_WARN_RANGE_LOOP_ANALYSIS = YES;
				CLANG_WARN_STRICT_PROTOTYPES = YES;
				CLANG_WARN_SUSPICIOUS_MOVE = YES;
				CLANG_WARN_UNGUARDED_AVAILABILITY = YES_AGGRESSIVE;
				CLANG_WARN_UNREACHABLE_CODE = YES;
				CLANG_WARN__DUPLICATE_METHOD_MATCH = YES;
				COPY_PHASE_STRIP = NO;
				DEBUG_INFORMATION_FORMAT = dwarf;
				ENABLE_STRICT_OBJC_MSGSEND = YES;
				ENABLE_TESTABILITY = YES;
				GCC_C_LANGUAGE_STANDARD = gnu11;
				GCC_DYNAMIC_NO_PIC = NO;
				GCC_NO_COMMON_BLOCKS = YES;
				GCC_OPTIMIZATION_LEVEL = 0;
				GCC_PREPROCESSOR_DEFINITIONS = (
					"DEBUG=1",
					"$(inherited)",
				);
				GCC_WARN_64_TO_32_BIT_CONVERSION = YES;
				GCC_WARN_ABOUT_RETURN_TYPE = YES_ERROR;
				GCC_WARN_UNDECLARED_SELECTOR = YES;
				GCC_WARN_UNINITIALIZED_AUTOS = YES_AGGRESSIVE;
				GCC_WARN_UNUSED_FUNCTION = YES;
				GCC_WARN_UNUSED_VARIABLE = YES;
				IPHONEOS_DEPLOYMENT_TARGET = 14.5;
				MTL_ENABLE_DEBUG_INFO = INCLUDE_SOURCE;
				MTL_FAST_MATH = YES;
				ONLY_ACTIVE_ARCH = YES;
				SDKROOT = iphoneos;
				SWIFT_ACTIVE_COMPILATION_CONDITIONS = DEBUG;
				SWIFT_OPTIMIZATION_LEVEL = "-Onone";
			};
			name = Debug;
		};
		6B723DE726A8737500E60FBE /* Release */ = {
			isa = XCBuildConfiguration;
			buildSettings = {
				ALWAYS_SEARCH_USER_PATHS = NO;
				CLANG_ANALYZER_NONNULL = YES;
				CLANG_ANALYZER_NUMBER_OBJECT_CONVERSION = YES_AGGRESSIVE;
				CLANG_CXX_LANGUAGE_STANDARD = "gnu++14";
				CLANG_CXX_LIBRARY = "libc++";
				CLANG_ENABLE_MODULES = YES;
				CLANG_ENABLE_OBJC_ARC = YES;
				CLANG_ENABLE_OBJC_WEAK = YES;
				CLANG_WARN_BLOCK_CAPTURE_AUTORELEASING = YES;
				CLANG_WARN_BOOL_CONVERSION = YES;
				CLANG_WARN_COMMA = YES;
				CLANG_WARN_CONSTANT_CONVERSION = YES;
				CLANG_WARN_DEPRECATED_OBJC_IMPLEMENTATIONS = YES;
				CLANG_WARN_DIRECT_OBJC_ISA_USAGE = YES_ERROR;
				CLANG_WARN_DOCUMENTATION_COMMENTS = YES;
				CLANG_WARN_EMPTY_BODY = YES;
				CLANG_WARN_ENUM_CONVERSION = YES;
				CLANG_WARN_INFINITE_RECURSION = YES;
				CLANG_WARN_INT_CONVERSION = YES;
				CLANG_WARN_NON_LITERAL_NULL_CONVERSION = YES;
				CLANG_WARN_OBJC_IMPLICIT_RETAIN_SELF = YES;
				CLANG_WARN_OBJC_LITERAL_CONVERSION = YES;
				CLANG_WARN_OBJC_ROOT_CLASS = YES_ERROR;
				CLANG_WARN_QUOTED_INCLUDE_IN_FRAMEWORK_HEADER = YES;
				CLANG_WARN_RANGE_LOOP_ANALYSIS = YES;
				CLANG_WARN_STRICT_PROTOTYPES = YES;
				CLANG_WARN_SUSPICIOUS_MOVE = YES;
				CLANG_WARN_UNGUARDED_AVAILABILITY = YES_AGGRESSIVE;
				CLANG_WARN_UNREACHABLE_CODE = YES;
				CLANG_WARN__DUPLICATE_METHOD_MATCH = YES;
				COPY_PHASE_STRIP = NO;
				DEBUG_INFORMATION_FORMAT = "dwarf-with-dsym";
				ENABLE_NS_ASSERTIONS = NO;
				ENABLE_STRICT_OBJC_MSGSEND = YES;
				GCC_C_LANGUAGE_STANDARD = gnu11;
				GCC_NO_COMMON_BLOCKS = YES;
				GCC_WARN_64_TO_32_BIT_CONVERSION = YES;
				GCC_WARN_ABOUT_RETURN_TYPE = YES_ERROR;
				GCC_WARN_UNDECLARED_SELECTOR = YES;
				GCC_WARN_UNINITIALIZED_AUTOS = YES_AGGRESSIVE;
				GCC_WARN_UNUSED_FUNCTION = YES;
				GCC_WARN_UNUSED_VARIABLE = YES;
				IPHONEOS_DEPLOYMENT_TARGET = 14.5;
				MTL_ENABLE_DEBUG_INFO = NO;
				MTL_FAST_MATH = YES;
				SDKROOT = iphoneos;
				SWIFT_COMPILATION_MODE = wholemodule;
				SWIFT_OPTIMIZATION_LEVEL = "-O";
				VALIDATE_PRODUCT = YES;
			};
			name = Release;
		};
		6B723DE926A8737500E60FBE /* Debug */ = {
			isa = XCBuildConfiguration;
			buildSettings = {
				ASSETCATALOG_COMPILER_APPICON_NAME = AppIcon;
				ASSETCATALOG_COMPILER_GLOBAL_ACCENT_COLOR_NAME = AccentColor;
				CODE_SIGN_STYLE = Automatic;
				DEVELOPMENT_ASSET_PATHS = "\"mDNS_Browser/Preview Content\"";
				DEVELOPMENT_TEAM = 6576P8T9R4;
				ENABLE_PREVIEWS = YES;
				INFOPLIST_FILE = mDNS_Browser/Info.plist;
				IPHONEOS_DEPLOYMENT_TARGET = 14.0;
				LD_RUNPATH_SEARCH_PATHS = (
					"$(inherited)",
					"@executable_path/Frameworks",
				);
				PRODUCT_BUNDLE_IDENTIFIER = "com.robberts.mDNS-Browser";
				PRODUCT_NAME = "$(TARGET_NAME)";
				SWIFT_VERSION = 5.0;
				TARGETED_DEVICE_FAMILY = "1,2";
			};
			name = Debug;
		};
		6B723DEA26A8737500E60FBE /* Release */ = {
			isa = XCBuildConfiguration;
			buildSettings = {
				ASSETCATALOG_COMPILER_APPICON_NAME = AppIcon;
				ASSETCATALOG_COMPILER_GLOBAL_ACCENT_COLOR_NAME = AccentColor;
				CODE_SIGN_STYLE = Automatic;
				DEVELOPMENT_ASSET_PATHS = "\"mDNS_Browser/Preview Content\"";
				DEVELOPMENT_TEAM = 6576P8T9R4;
				ENABLE_PREVIEWS = YES;
				INFOPLIST_FILE = mDNS_Browser/Info.plist;
				IPHONEOS_DEPLOYMENT_TARGET = 14.0;
				LD_RUNPATH_SEARCH_PATHS = (
					"$(inherited)",
					"@executable_path/Frameworks",
				);
				PRODUCT_BUNDLE_IDENTIFIER = "com.robberts.mDNS-Browser";
				PRODUCT_NAME = "$(TARGET_NAME)";
				SWIFT_VERSION = 5.0;
				TARGETED_DEVICE_FAMILY = "1,2";
			};
			name = Release;
		};
/* End XCBuildConfiguration section */

/* Begin XCConfigurationList section */
		6B723DD426A8735E00E60FBE /* Build configuration list for PBXProject "mDNS_Browser" */ = {
			isa = XCConfigurationList;
			buildConfigurations = (
				6B723DE626A8737500E60FBE /* Debug */,
				6B723DE726A8737500E60FBE /* Release */,
			);
			defaultConfigurationIsVisible = 0;
			defaultConfigurationName = Release;
		};
		6B723DE826A8737500E60FBE /* Build configuration list for PBXNativeTarget "mDNS_Browser" */ = {
			isa = XCConfigurationList;
			buildConfigurations = (
				6B723DE926A8737500E60FBE /* Debug */,
				6B723DEA26A8737500E60FBE /* Release */,
			);
			defaultConfigurationIsVisible = 0;
			defaultConfigurationName = Release;
		};
/* End XCConfigurationList section */
	};
	rootObject = 6B723DD126A8735E00E60FBE /* Project object */;
}
